// !$*UTF8*$!
{
	archiveVersion = 1;
	classes = {
	};
	objectVersion = 56;
	objects = {

/* Begin PBXBuildFile section */
		6F12C14E79FF3537585540A9 /* Pods_TikTok.framework in Frameworks */ = {isa = PBXBuildFile; fileRef = D34318C1AB2267CB2B52B483 /* Pods_TikTok.framework */; };
		907C50FA9E3C9DB94E9AFA7B /* Pods_TikTok_TikTokUITests.framework in Frameworks */ = {isa = PBXBuildFile; fileRef = CCC93BDAD7E80FC6BFBC3E8E /* Pods_TikTok_TikTokUITests.framework */; };
		95249293D5A3A17054948DF3 /* Pods_TikTokTests.framework in Frameworks */ = {isa = PBXBuildFile; fileRef = 98C8A40784DBC495269FD550 /* Pods_TikTokTests.framework */; };
		E81B40B22BB22CE1008AA102 /* AppDelegate.swift in Sources */ = {isa = PBXBuildFile; fileRef = E81B40B12BB22CE1008AA102 /* AppDelegate.swift */; };
		E81B40B42BB22CE1008AA102 /* SceneDelegate.swift in Sources */ = {isa = PBXBuildFile; fileRef = E81B40B32BB22CE1008AA102 /* SceneDelegate.swift */; };
		E81B40B62BB22CE1008AA102 /* ViewController.swift in Sources */ = {isa = PBXBuildFile; fileRef = E81B40B52BB22CE1008AA102 /* ViewController.swift */; };
		E81B40B92BB22CE1008AA102 /* Base in Resources */ = {isa = PBXBuildFile; fileRef = E81B40B82BB22CE1008AA102 /* Base */; };
		E81B40BB2BB22CE2008AA102 /* Assets.xcassets in Resources */ = {isa = PBXBuildFile; fileRef = E81B40BA2BB22CE2008AA102 /* Assets.xcassets */; };
		E81B40BE2BB22CE2008AA102 /* Base in Resources */ = {isa = PBXBuildFile; fileRef = E81B40BD2BB22CE2008AA102 /* Base */; };
		E81B40C92BB22CE2008AA102 /* TikTokTests.swift in Sources */ = {isa = PBXBuildFile; fileRef = E81B40C82BB22CE2008AA102 /* TikTokTests.swift */; };
		E81B40D32BB22CE2008AA102 /* TikTokUITests.swift in Sources */ = {isa = PBXBuildFile; fileRef = E81B40D22BB22CE2008AA102 /* TikTokUITests.swift */; };
		E81B40D52BB22CE2008AA102 /* TikTokUITestsLaunchTests.swift in Sources */ = {isa = PBXBuildFile; fileRef = E81B40D42BB22CE2008AA102 /* TikTokUITestsLaunchTests.swift */; };
		E855A0472BB3A737009C1B13 /* VideoTableViewCell.swift in Sources */ = {isa = PBXBuildFile; fileRef = E855A0462BB3A737009C1B13 /* VideoTableViewCell.swift */; };
/* End PBXBuildFile section */

/* Begin PBXContainerItemProxy section */
		E81B40C52BB22CE2008AA102 /* PBXContainerItemProxy */ = {
			isa = PBXContainerItemProxy;
			containerPortal = E81B40A62BB22CE1008AA102 /* Project object */;
			proxyType = 1;
			remoteGlobalIDString = E81B40AD2BB22CE1008AA102;
			remoteInfo = TikTok;
		};
		E81B40CF2BB22CE2008AA102 /* PBXContainerItemProxy */ = {
			isa = PBXContainerItemProxy;
			containerPortal = E81B40A62BB22CE1008AA102 /* Project object */;
			proxyType = 1;
			remoteGlobalIDString = E81B40AD2BB22CE1008AA102;
			remoteInfo = TikTok;
		};
/* End PBXContainerItemProxy section */

/* Begin PBXFileReference section */
		08E2404C09C7AE4C507E96F0 /* Pods-TikTok.debug.xcconfig */ = {isa = PBXFileReference; includeInIndex = 1; lastKnownFileType = text.xcconfig; name = "Pods-TikTok.debug.xcconfig"; path = "Target Support Files/Pods-TikTok/Pods-TikTok.debug.xcconfig"; sourceTree = "<group>"; };
		0DB8F7949853DF25272F5885 /* Pods-TikTok.release.xcconfig */ = {isa = PBXFileReference; includeInIndex = 1; lastKnownFileType = text.xcconfig; name = "Pods-TikTok.release.xcconfig"; path = "Target Support Files/Pods-TikTok/Pods-TikTok.release.xcconfig"; sourceTree = "<group>"; };
		36FAF61669E5A7CD076AA50B /* Pods-TikTok-TikTokUITests.debug.xcconfig */ = {isa = PBXFileReference; includeInIndex = 1; lastKnownFileType = text.xcconfig; name = "Pods-TikTok-TikTokUITests.debug.xcconfig"; path = "Target Support Files/Pods-TikTok-TikTokUITests/Pods-TikTok-TikTokUITests.debug.xcconfig"; sourceTree = "<group>"; };
		7CC0245953D78B3A846847A8 /* Pods-TikTokTests.debug.xcconfig */ = {isa = PBXFileReference; includeInIndex = 1; lastKnownFileType = text.xcconfig; name = "Pods-TikTokTests.debug.xcconfig"; path = "Target Support Files/Pods-TikTokTests/Pods-TikTokTests.debug.xcconfig"; sourceTree = "<group>"; };
		98C8A40784DBC495269FD550 /* Pods_TikTokTests.framework */ = {isa = PBXFileReference; explicitFileType = wrapper.framework; includeInIndex = 0; path = Pods_TikTokTests.framework; sourceTree = BUILT_PRODUCTS_DIR; };
		ACD21EBFB8E6944699541A6F /* Pods-TikTok-TikTokUITests.release.xcconfig */ = {isa = PBXFileReference; includeInIndex = 1; lastKnownFileType = text.xcconfig; name = "Pods-TikTok-TikTokUITests.release.xcconfig"; path = "Target Support Files/Pods-TikTok-TikTokUITests/Pods-TikTok-TikTokUITests.release.xcconfig"; sourceTree = "<group>"; };
		CCC93BDAD7E80FC6BFBC3E8E /* Pods_TikTok_TikTokUITests.framework */ = {isa = PBXFileReference; explicitFileType = wrapper.framework; includeInIndex = 0; path = Pods_TikTok_TikTokUITests.framework; sourceTree = BUILT_PRODUCTS_DIR; };
		D34318C1AB2267CB2B52B483 /* Pods_TikTok.framework */ = {isa = PBXFileReference; explicitFileType = wrapper.framework; includeInIndex = 0; path = Pods_TikTok.framework; sourceTree = BUILT_PRODUCTS_DIR; };
		E81B40AE2BB22CE1008AA102 /* TikTok.app */ = {isa = PBXFileReference; explicitFileType = wrapper.application; includeInIndex = 0; path = TikTok.app; sourceTree = BUILT_PRODUCTS_DIR; };
		E81B40B12BB22CE1008AA102 /* AppDelegate.swift */ = {isa = PBXFileReference; lastKnownFileType = sourcecode.swift; path = AppDelegate.swift; sourceTree = "<group>"; };
		E81B40B32BB22CE1008AA102 /* SceneDelegate.swift */ = {isa = PBXFileReference; lastKnownFileType = sourcecode.swift; path = SceneDelegate.swift; sourceTree = "<group>"; };
		E81B40B52BB22CE1008AA102 /* ViewController.swift */ = {isa = PBXFileReference; lastKnownFileType = sourcecode.swift; path = ViewController.swift; sourceTree = "<group>"; };
		E81B40B82BB22CE1008AA102 /* Base */ = {isa = PBXFileReference; lastKnownFileType = file.storyboard; name = Base; path = Base.lproj/Main.storyboard; sourceTree = "<group>"; };
		E81B40BA2BB22CE2008AA102 /* Assets.xcassets */ = {isa = PBXFileReference; lastKnownFileType = folder.assetcatalog; path = Assets.xcassets; sourceTree = "<group>"; };
		E81B40BD2BB22CE2008AA102 /* Base */ = {isa = PBXFileReference; lastKnownFileType = file.storyboard; name = Base; path = Base.lproj/LaunchScreen.storyboard; sourceTree = "<group>"; };
		E81B40BF2BB22CE2008AA102 /* Info.plist */ = {isa = PBXFileReference; lastKnownFileType = text.plist.xml; path = Info.plist; sourceTree = "<group>"; };
		E81B40C42BB22CE2008AA102 /* TikTokTests.xctest */ = {isa = PBXFileReference; explicitFileType = wrapper.cfbundle; includeInIndex = 0; path = TikTokTests.xctest; sourceTree = BUILT_PRODUCTS_DIR; };
		E81B40C82BB22CE2008AA102 /* TikTokTests.swift */ = {isa = PBXFileReference; lastKnownFileType = sourcecode.swift; path = TikTokTests.swift; sourceTree = "<group>"; };
		E81B40CE2BB22CE2008AA102 /* TikTokUITests.xctest */ = {isa = PBXFileReference; explicitFileType = wrapper.cfbundle; includeInIndex = 0; path = TikTokUITests.xctest; sourceTree = BUILT_PRODUCTS_DIR; };
		E81B40D22BB22CE2008AA102 /* TikTokUITests.swift */ = {isa = PBXFileReference; lastKnownFileType = sourcecode.swift; path = TikTokUITests.swift; sourceTree = "<group>"; };
		E81B40D42BB22CE2008AA102 /* TikTokUITestsLaunchTests.swift */ = {isa = PBXFileReference; lastKnownFileType = sourcecode.swift; path = TikTokUITestsLaunchTests.swift; sourceTree = "<group>"; };
		E855A0462BB3A737009C1B13 /* VideoTableViewCell.swift */ = {isa = PBXFileReference; lastKnownFileType = sourcecode.swift; path = VideoTableViewCell.swift; sourceTree = "<group>"; };
		FCF16A1D807DD41EF3DD9447 /* Pods-TikTokTests.release.xcconfig */ = {isa = PBXFileReference; includeInIndex = 1; lastKnownFileType = text.xcconfig; name = "Pods-TikTokTests.release.xcconfig"; path = "Target Support Files/Pods-TikTokTests/Pods-TikTokTests.release.xcconfig"; sourceTree = "<group>"; };
/* End PBXFileReference section */

/* Begin PBXFrameworksBuildPhase section */
		E81B40AB2BB22CE1008AA102 /* Frameworks */ = {
			isa = PBXFrameworksBuildPhase;
			buildActionMask = 2147483647;
			files = (
				6F12C14E79FF3537585540A9 /* Pods_TikTok.framework in Frameworks */,
			);
			runOnlyForDeploymentPostprocessing = 0;
		};
		E81B40C12BB22CE2008AA102 /* Frameworks */ = {
			isa = PBXFrameworksBuildPhase;
			buildActionMask = 2147483647;
			files = (
				95249293D5A3A17054948DF3 /* Pods_TikTokTests.framework in Frameworks */,
			);
			runOnlyForDeploymentPostprocessing = 0;
		};
		E81B40CB2BB22CE2008AA102 /* Frameworks */ = {
			isa = PBXFrameworksBuildPhase;
			buildActionMask = 2147483647;
			files = (
				907C50FA9E3C9DB94E9AFA7B /* Pods_TikTok_TikTokUITests.framework in Frameworks */,
			);
			runOnlyForDeploymentPostprocessing = 0;
		};
/* End PBXFrameworksBuildPhase section */

/* Begin PBXGroup section */
		4A9590134673B3E356765935 /* Pods */ = {
			isa = PBXGroup;
			children = (
				08E2404C09C7AE4C507E96F0 /* Pods-TikTok.debug.xcconfig */,
				0DB8F7949853DF25272F5885 /* Pods-TikTok.release.xcconfig */,
				36FAF61669E5A7CD076AA50B /* Pods-TikTok-TikTokUITests.debug.xcconfig */,
				ACD21EBFB8E6944699541A6F /* Pods-TikTok-TikTokUITests.release.xcconfig */,
				7CC0245953D78B3A846847A8 /* Pods-TikTokTests.debug.xcconfig */,
				FCF16A1D807DD41EF3DD9447 /* Pods-TikTokTests.release.xcconfig */,
			);
			path = Pods;
			sourceTree = "<group>";
		};
		E81B40A52BB22CE1008AA102 = {
			isa = PBXGroup;
			children = (
				E81B40B02BB22CE1008AA102 /* TikTok */,
				E81B40C72BB22CE2008AA102 /* TikTokTests */,
				E81B40D12BB22CE2008AA102 /* TikTokUITests */,
				E81B40AF2BB22CE1008AA102 /* Products */,
				4A9590134673B3E356765935 /* Pods */,
				F68B08A9B2D51BA3098F4A13 /* Frameworks */,
			);
			sourceTree = "<group>";
		};
		E81B40AF2BB22CE1008AA102 /* Products */ = {
			isa = PBXGroup;
			children = (
				E81B40AE2BB22CE1008AA102 /* TikTok.app */,
				E81B40C42BB22CE2008AA102 /* TikTokTests.xctest */,
				E81B40CE2BB22CE2008AA102 /* TikTokUITests.xctest */,
			);
			name = Products;
			sourceTree = "<group>";
		};
		E81B40B02BB22CE1008AA102 /* TikTok */ = {
			isa = PBXGroup;
			children = (
				E81B40B12BB22CE1008AA102 /* AppDelegate.swift */,
				E81B40B32BB22CE1008AA102 /* SceneDelegate.swift */,
				E81B40B52BB22CE1008AA102 /* ViewController.swift */,
				E81B40B72BB22CE1008AA102 /* Main.storyboard */,
				E81B40BA2BB22CE2008AA102 /* Assets.xcassets */,
				E81B40BC2BB22CE2008AA102 /* LaunchScreen.storyboard */,
				E81B40BF2BB22CE2008AA102 /* Info.plist */,
				E855A0462BB3A737009C1B13 /* VideoTableViewCell.swift */,
			);
			path = TikTok;
			sourceTree = "<group>";
		};
		E81B40C72BB22CE2008AA102 /* TikTokTests */ = {
			isa = PBXGroup;
			children = (
				E81B40C82BB22CE2008AA102 /* TikTokTests.swift */,
			);
			path = TikTokTests;
			sourceTree = "<group>";
		};
		E81B40D12BB22CE2008AA102 /* TikTokUITests */ = {
			isa = PBXGroup;
			children = (
				E81B40D22BB22CE2008AA102 /* TikTokUITests.swift */,
				E81B40D42BB22CE2008AA102 /* TikTokUITestsLaunchTests.swift */,
			);
			path = TikTokUITests;
			sourceTree = "<group>";
		};
		F68B08A9B2D51BA3098F4A13 /* Frameworks */ = {
			isa = PBXGroup;
			children = (
				D34318C1AB2267CB2B52B483 /* Pods_TikTok.framework */,
				CCC93BDAD7E80FC6BFBC3E8E /* Pods_TikTok_TikTokUITests.framework */,
				98C8A40784DBC495269FD550 /* Pods_TikTokTests.framework */,
			);
			name = Frameworks;
			sourceTree = "<group>";
		};
/* End PBXGroup section */

/* Begin PBXNativeTarget section */
		E81B40AD2BB22CE1008AA102 /* TikTok */ = {
			isa = PBXNativeTarget;
			buildConfigurationList = E81B40D82BB22CE2008AA102 /* Build configuration list for PBXNativeTarget "TikTok" */;
			buildPhases = (
				8F0FECA2A8E4E1E08F9AFB01 /* [CP] Check Pods Manifest.lock */,
				E81B40AA2BB22CE1008AA102 /* Sources */,
				E81B40AB2BB22CE1008AA102 /* Frameworks */,
				E81B40AC2BB22CE1008AA102 /* Resources */,
				7A6F4F19C28CFDF06D599FF0 /* [CP] Embed Pods Frameworks */,
			);
			buildRules = (
			);
			dependencies = (
			);
			name = TikTok;
			productName = TikTok;
			productReference = E81B40AE2BB22CE1008AA102 /* TikTok.app */;
			productType = "com.apple.product-type.application";
		};
		E81B40C32BB22CE2008AA102 /* TikTokTests */ = {
			isa = PBXNativeTarget;
			buildConfigurationList = E81B40DB2BB22CE2008AA102 /* Build configuration list for PBXNativeTarget "TikTokTests" */;
			buildPhases = (
				84F6852A4B0160246E82A0CD /* [CP] Check Pods Manifest.lock */,
				E81B40C02BB22CE2008AA102 /* Sources */,
				E81B40C12BB22CE2008AA102 /* Frameworks */,
				E81B40C22BB22CE2008AA102 /* Resources */,
			);
			buildRules = (
			);
			dependencies = (
				E81B40C62BB22CE2008AA102 /* PBXTargetDependency */,
			);
			name = TikTokTests;
			productName = TikTokTests;
			productReference = E81B40C42BB22CE2008AA102 /* TikTokTests.xctest */;
			productType = "com.apple.product-type.bundle.unit-test";
		};
		E81B40CD2BB22CE2008AA102 /* TikTokUITests */ = {
			isa = PBXNativeTarget;
			buildConfigurationList = E81B40DE2BB22CE2008AA102 /* Build configuration list for PBXNativeTarget "TikTokUITests" */;
			buildPhases = (
				1BCB25CCAB44243715D4A47D /* [CP] Check Pods Manifest.lock */,
				E81B40CA2BB22CE2008AA102 /* Sources */,
				E81B40CB2BB22CE2008AA102 /* Frameworks */,
				E81B40CC2BB22CE2008AA102 /* Resources */,
				E6BD3D8F957C3702B9138131 /* [CP] Embed Pods Frameworks */,
			);
			buildRules = (
			);
			dependencies = (
				E81B40D02BB22CE2008AA102 /* PBXTargetDependency */,
			);
			name = TikTokUITests;
			productName = TikTokUITests;
			productReference = E81B40CE2BB22CE2008AA102 /* TikTokUITests.xctest */;
			productType = "com.apple.product-type.bundle.ui-testing";
		};
/* End PBXNativeTarget section */

/* Begin PBXProject section */
		E81B40A62BB22CE1008AA102 /* Project object */ = {
			isa = PBXProject;
			attributes = {
				BuildIndependentTargetsInParallel = 1;
				LastSwiftUpdateCheck = 1530;
				LastUpgradeCheck = 1530;
				TargetAttributes = {
					E81B40AD2BB22CE1008AA102 = {
						CreatedOnToolsVersion = 15.3;
					};
					E81B40C32BB22CE2008AA102 = {
						CreatedOnToolsVersion = 15.3;
						TestTargetID = E81B40AD2BB22CE1008AA102;
					};
					E81B40CD2BB22CE2008AA102 = {
						CreatedOnToolsVersion = 15.3;
						TestTargetID = E81B40AD2BB22CE1008AA102;
					};
				};
			};
			buildConfigurationList = E81B40A92BB22CE1008AA102 /* Build configuration list for PBXProject "TikTok" */;
			compatibilityVersion = "Xcode 14.0";
			developmentRegion = en;
			hasScannedForEncodings = 0;
			knownRegions = (
				en,
				Base,
			);
			mainGroup = E81B40A52BB22CE1008AA102;
			productRefGroup = E81B40AF2BB22CE1008AA102 /* Products */;
			projectDirPath = "";
			projectRoot = "";
			targets = (
				E81B40AD2BB22CE1008AA102 /* TikTok */,
				E81B40C32BB22CE2008AA102 /* TikTokTests */,
				E81B40CD2BB22CE2008AA102 /* TikTokUITests */,
			);
		};
/* End PBXProject section */

/* Begin PBXResourcesBuildPhase section */
		E81B40AC2BB22CE1008AA102 /* Resources */ = {
			isa = PBXResourcesBuildPhase;
			buildActionMask = 2147483647;
			files = (
				E81B40BB2BB22CE2008AA102 /* Assets.xcassets in Resources */,
				E81B40BE2BB22CE2008AA102 /* Base in Resources */,
				E81B40B92BB22CE1008AA102 /* Base in Resources */,
			);
			runOnlyForDeploymentPostprocessing = 0;
		};
		E81B40C22BB22CE2008AA102 /* Resources */ = {
			isa = PBXResourcesBuildPhase;
			buildActionMask = 2147483647;
			files = (
			);
			runOnlyForDeploymentPostprocessing = 0;
		};
		E81B40CC2BB22CE2008AA102 /* Resources */ = {
			isa = PBXResourcesBuildPhase;
			buildActionMask = 2147483647;
			files = (
			);
			runOnlyForDeploymentPostprocessing = 0;
		};
/* End PBXResourcesBuildPhase section */

/* Begin PBXShellScriptBuildPhase section */
		1BCB25CCAB44243715D4A47D /* [CP] Check Pods Manifest.lock */ = {
			isa = PBXShellScriptBuildPhase;
			buildActionMask = 2147483647;
			files = (
			);
			inputFileListPaths = (
			);
			inputPaths = (
				"${PODS_PODFILE_DIR_PATH}/Podfile.lock",
				"${PODS_ROOT}/Manifest.lock",
			);
			name = "[CP] Check Pods Manifest.lock";
			outputFileListPaths = (
			);
			outputPaths = (
				"$(DERIVED_FILE_DIR)/Pods-TikTok-TikTokUITests-checkManifestLockResult.txt",
			);
			runOnlyForDeploymentPostprocessing = 0;
			shellPath = /bin/sh;
			shellScript = "diff \"${PODS_PODFILE_DIR_PATH}/Podfile.lock\" \"${PODS_ROOT}/Manifest.lock\" > /dev/null\nif [ $? != 0 ] ; then\n    # print error to STDERR\n    echo \"error: The sandbox is not in sync with the Podfile.lock. Run 'pod install' or update your CocoaPods installation.\" >&2\n    exit 1\nfi\n# This output is used by Xcode 'outputs' to avoid re-running this script phase.\necho \"SUCCESS\" > \"${SCRIPT_OUTPUT_FILE_0}\"\n";
			showEnvVarsInLog = 0;
		};
		7A6F4F19C28CFDF06D599FF0 /* [CP] Embed Pods Frameworks */ = {
			isa = PBXShellScriptBuildPhase;
			buildActionMask = 2147483647;
			files = (
			);
			inputFileListPaths = (
				"${PODS_ROOT}/Target Support Files/Pods-TikTok/Pods-TikTok-frameworks-${CONFIGURATION}-input-files.xcfilelist",
			);
			name = "[CP] Embed Pods Frameworks";
			outputFileListPaths = (
				"${PODS_ROOT}/Target Support Files/Pods-TikTok/Pods-TikTok-frameworks-${CONFIGURATION}-output-files.xcfilelist",
			);
			runOnlyForDeploymentPostprocessing = 0;
			shellPath = /bin/sh;
			shellScript = "\"${PODS_ROOT}/Target Support Files/Pods-TikTok/Pods-TikTok-frameworks.sh\"\n";
			showEnvVarsInLog = 0;
		};
		84F6852A4B0160246E82A0CD /* [CP] Check Pods Manifest.lock */ = {
			isa = PBXShellScriptBuildPhase;
			buildActionMask = 2147483647;
			files = (
			);
			inputFileListPaths = (
			);
			inputPaths = (
				"${PODS_PODFILE_DIR_PATH}/Podfile.lock",
				"${PODS_ROOT}/Manifest.lock",
			);
			name = "[CP] Check Pods Manifest.lock";
			outputFileListPaths = (
			);
			outputPaths = (
				"$(DERIVED_FILE_DIR)/Pods-TikTokTests-checkManifestLockResult.txt",
			);
			runOnlyForDeploymentPostprocessing = 0;
			shellPath = /bin/sh;
			shellScript = "diff \"${PODS_PODFILE_DIR_PATH}/Podfile.lock\" \"${PODS_ROOT}/Manifest.lock\" > /dev/null\nif [ $? != 0 ] ; then\n    # print error to STDERR\n    echo \"error: The sandbox is not in sync with the Podfile.lock. Run 'pod install' or update your CocoaPods installation.\" >&2\n    exit 1\nfi\n# This output is used by Xcode 'outputs' to avoid re-running this script phase.\necho \"SUCCESS\" > \"${SCRIPT_OUTPUT_FILE_0}\"\n";
			showEnvVarsInLog = 0;
		};
		8F0FECA2A8E4E1E08F9AFB01 /* [CP] Check Pods Manifest.lock */ = {
			isa = PBXShellScriptBuildPhase;
			buildActionMask = 2147483647;
			files = (
			);
			inputFileListPaths = (
			);
			inputPaths = (
				"${PODS_PODFILE_DIR_PATH}/Podfile.lock",
				"${PODS_ROOT}/Manifest.lock",
			);
			name = "[CP] Check Pods Manifest.lock";
			outputFileListPaths = (
			);
			outputPaths = (
				"$(DERIVED_FILE_DIR)/Pods-TikTok-checkManifestLockResult.txt",
			);
			runOnlyForDeploymentPostprocessing = 0;
			shellPath = /bin/sh;
			shellScript = "diff \"${PODS_PODFILE_DIR_PATH}/Podfile.lock\" \"${PODS_ROOT}/Manifest.lock\" > /dev/null\nif [ $? != 0 ] ; then\n    # print error to STDERR\n    echo \"error: The sandbox is not in sync with the Podfile.lock. Run 'pod install' or update your CocoaPods installation.\" >&2\n    exit 1\nfi\n# This output is used by Xcode 'outputs' to avoid re-running this script phase.\necho \"SUCCESS\" > \"${SCRIPT_OUTPUT_FILE_0}\"\n";
			showEnvVarsInLog = 0;
		};
		E6BD3D8F957C3702B9138131 /* [CP] Embed Pods Frameworks */ = {
			isa = PBXShellScriptBuildPhase;
			buildActionMask = 2147483647;
			files = (
			);
			inputFileListPaths = (
				"${PODS_ROOT}/Target Support Files/Pods-TikTok-TikTokUITests/Pods-TikTok-TikTokUITests-frameworks-${CONFIGURATION}-input-files.xcfilelist",
			);
			name = "[CP] Embed Pods Frameworks";
			outputFileListPaths = (
				"${PODS_ROOT}/Target Support Files/Pods-TikTok-TikTokUITests/Pods-TikTok-TikTokUITests-frameworks-${CONFIGURATION}-output-files.xcfilelist",
			);
			runOnlyForDeploymentPostprocessing = 0;
			shellPath = /bin/sh;
			shellScript = "\"${PODS_ROOT}/Target Support Files/Pods-TikTok-TikTokUITests/Pods-TikTok-TikTokUITests-frameworks.sh\"\n";
			showEnvVarsInLog = 0;
		};
/* End PBXShellScriptBuildPhase section */

/* Begin PBXSourcesBuildPhase section */
		E81B40AA2BB22CE1008AA102 /* Sources */ = {
			isa = PBXSourcesBuildPhase;
			buildActionMask = 2147483647;
			files = (
				E81B40B62BB22CE1008AA102 /* ViewController.swift in Sources */,
				E855A0472BB3A737009C1B13 /* VideoTableViewCell.swift in Sources */,
				E81B40B22BB22CE1008AA102 /* AppDelegate.swift in Sources */,
				E81B40B42BB22CE1008AA102 /* SceneDelegate.swift in Sources */,
			);
			runOnlyForDeploymentPostprocessing = 0;
		};
		E81B40C02BB22CE2008AA102 /* Sources */ = {
			isa = PBXSourcesBuildPhase;
			buildActionMask = 2147483647;
			files = (
				E81B40C92BB22CE2008AA102 /* TikTokTests.swift in Sources */,
			);
			runOnlyForDeploymentPostprocessing = 0;
		};
		E81B40CA2BB22CE2008AA102 /* Sources */ = {
			isa = PBXSourcesBuildPhase;
			buildActionMask = 2147483647;
			files = (
				E81B40D52BB22CE2008AA102 /* TikTokUITestsLaunchTests.swift in Sources */,
				E81B40D32BB22CE2008AA102 /* TikTokUITests.swift in Sources */,
			);
			runOnlyForDeploymentPostprocessing = 0;
		};
/* End PBXSourcesBuildPhase section */

/* Begin PBXTargetDependency section */
		E81B40C62BB22CE2008AA102 /* PBXTargetDependency */ = {
			isa = PBXTargetDependency;
			target = E81B40AD2BB22CE1008AA102 /* TikTok */;
			targetProxy = E81B40C52BB22CE2008AA102 /* PBXContainerItemProxy */;
		};
		E81B40D02BB22CE2008AA102 /* PBXTargetDependency */ = {
			isa = PBXTargetDependency;
			target = E81B40AD2BB22CE1008AA102 /* TikTok */;
			targetProxy = E81B40CF2BB22CE2008AA102 /* PBXContainerItemProxy */;
		};
/* End PBXTargetDependency section */

/* Begin PBXVariantGroup section */
		E81B40B72BB22CE1008AA102 /* Main.storyboard */ = {
			isa = PBXVariantGroup;
			children = (
				E81B40B82BB22CE1008AA102 /* Base */,
			);
			name = Main.storyboard;
			sourceTree = "<group>";
		};
		E81B40BC2BB22CE2008AA102 /* LaunchScreen.storyboard */ = {
			isa = PBXVariantGroup;
			children = (
				E81B40BD2BB22CE2008AA102 /* Base */,
			);
			name = LaunchScreen.storyboard;
			sourceTree = "<group>";
		};
/* End PBXVariantGroup section */

/* Begin XCBuildConfiguration section */
		E81B40D62BB22CE2008AA102 /* Debug */ = {
			isa = XCBuildConfiguration;
			buildSettings = {
				ALWAYS_SEARCH_USER_PATHS = NO;
				ASSETCATALOG_COMPILER_GENERATE_SWIFT_ASSET_SYMBOL_EXTENSIONS = YES;
				CLANG_ANALYZER_NONNULL = YES;
				CLANG_ANALYZER_NUMBER_OBJECT_CONVERSION = YES_AGGRESSIVE;
				CLANG_CXX_LANGUAGE_STANDARD = "gnu++20";
				CLANG_ENABLE_MODULES = YES;
				CLANG_ENABLE_OBJC_ARC = YES;
				CLANG_ENABLE_OBJC_WEAK = YES;
				CLANG_WARN_BLOCK_CAPTURE_AUTORELEASING = YES;
				CLANG_WARN_BOOL_CONVERSION = YES;
				CLANG_WARN_COMMA = YES;
				CLANG_WARN_CONSTANT_CONVERSION = YES;
				CLANG_WARN_DEPRECATED_OBJC_IMPLEMENTATIONS = YES;
				CLANG_WARN_DIRECT_OBJC_ISA_USAGE = YES_ERROR;
				CLANG_WARN_DOCUMENTATION_COMMENTS = YES;
				CLANG_WARN_EMPTY_BODY = YES;
				CLANG_WARN_ENUM_CONVERSION = YES;
				CLANG_WARN_INFINITE_RECURSION = YES;
				CLANG_WARN_INT_CONVERSION = YES;
				CLANG_WARN_NON_LITERAL_NULL_CONVERSION = YES;
				CLANG_WARN_OBJC_IMPLICIT_RETAIN_SELF = YES;
				CLANG_WARN_OBJC_LITERAL_CONVERSION = YES;
				CLANG_WARN_OBJC_ROOT_CLASS = YES_ERROR;
				CLANG_WARN_QUOTED_INCLUDE_IN_FRAMEWORK_HEADER = YES;
				CLANG_WARN_RANGE_LOOP_ANALYSIS = YES;
				CLANG_WARN_STRICT_PROTOTYPES = YES;
				CLANG_WARN_SUSPICIOUS_MOVE = YES;
				CLANG_WARN_UNGUARDED_AVAILABILITY = YES_AGGRESSIVE;
				CLANG_WARN_UNREACHABLE_CODE = YES;
				CLANG_WARN__DUPLICATE_METHOD_MATCH = YES;
				COPY_PHASE_STRIP = NO;
				DEBUG_INFORMATION_FORMAT = dwarf;
				ENABLE_STRICT_OBJC_MSGSEND = YES;
				ENABLE_TESTABILITY = YES;
				ENABLE_USER_SCRIPT_SANDBOXING = NO;
				GCC_C_LANGUAGE_STANDARD = gnu17;
				GCC_DYNAMIC_NO_PIC = NO;
				GCC_NO_COMMON_BLOCKS = YES;
				GCC_OPTIMIZATION_LEVEL = 0;
				GCC_PREPROCESSOR_DEFINITIONS = (
					"DEBUG=1",
					"$(inherited)",
				);
				GCC_WARN_64_TO_32_BIT_CONVERSION = YES;
				GCC_WARN_ABOUT_RETURN_TYPE = YES_ERROR;
				GCC_WARN_UNDECLARED_SELECTOR = YES;
				GCC_WARN_UNINITIALIZED_AUTOS = YES_AGGRESSIVE;
				GCC_WARN_UNUSED_FUNCTION = YES;
				GCC_WARN_UNUSED_VARIABLE = YES;
				IPHONEOS_DEPLOYMENT_TARGET = 17.4;
				LOCALIZATION_PREFERS_STRING_CATALOGS = YES;
				MTL_ENABLE_DEBUG_INFO = INCLUDE_SOURCE;
				MTL_FAST_MATH = YES;
				ONLY_ACTIVE_ARCH = YES;
				SDKROOT = iphoneos;
				SWIFT_ACTIVE_COMPILATION_CONDITIONS = "DEBUG $(inherited)";
				SWIFT_OPTIMIZATION_LEVEL = "-Onone";
			};
			name = Debug;
		};
		E81B40D72BB22CE2008AA102 /* Release */ = {
			isa = XCBuildConfiguration;
			buildSettings = {
				ALWAYS_SEARCH_USER_PATHS = NO;
				ASSETCATALOG_COMPILER_GENERATE_SWIFT_ASSET_SYMBOL_EXTENSIONS = YES;
				CLANG_ANALYZER_NONNULL = YES;
				CLANG_ANALYZER_NUMBER_OBJECT_CONVERSION = YES_AGGRESSIVE;
				CLANG_CXX_LANGUAGE_STANDARD = "gnu++20";
				CLANG_ENABLE_MODULES = YES;
				CLANG_ENABLE_OBJC_ARC = YES;
				CLANG_ENABLE_OBJC_WEAK = YES;
				CLANG_WARN_BLOCK_CAPTURE_AUTORELEASING = YES;
				CLANG_WARN_BOOL_CONVERSION = YES;
				CLANG_WARN_COMMA = YES;
				CLANG_WARN_CONSTANT_CONVERSION = YES;
				CLANG_WARN_DEPRECATED_OBJC_IMPLEMENTATIONS = YES;
				CLANG_WARN_DIRECT_OBJC_ISA_USAGE = YES_ERROR;
				CLANG_WARN_DOCUMENTATION_COMMENTS = YES;
				CLANG_WARN_EMPTY_BODY = YES;
				CLANG_WARN_ENUM_CONVERSION = YES;
				CLANG_WARN_INFINITE_RECURSION = YES;
				CLANG_WARN_INT_CONVERSION = YES;
				CLANG_WARN_NON_LITERAL_NULL_CONVERSION = YES;
				CLANG_WARN_OBJC_IMPLICIT_RETAIN_SELF = YES;
				CLANG_WARN_OBJC_LITERAL_CONVERSION = YES;
				CLANG_WARN_OBJC_ROOT_CLASS = YES_ERROR;
				CLANG_WARN_QUOTED_INCLUDE_IN_FRAMEWORK_HEADER = YES;
				CLANG_WARN_RANGE_LOOP_ANALYSIS = YES;
				CLANG_WARN_STRICT_PROTOTYPES = YES;
				CLANG_WARN_SUSPICIOUS_MOVE = YES;
				CLANG_WARN_UNGUARDED_AVAILABILITY = YES_AGGRESSIVE;
				CLANG_WARN_UNREACHABLE_CODE = YES;
				CLANG_WARN__DUPLICATE_METHOD_MATCH = YES;
				COPY_PHASE_STRIP = NO;
				DEBUG_INFORMATION_FORMAT = "dwarf-with-dsym";
				ENABLE_NS_ASSERTIONS = NO;
				ENABLE_STRICT_OBJC_MSGSEND = YES;
				ENABLE_USER_SCRIPT_SANDBOXING = NO;
				GCC_C_LANGUAGE_STANDARD = gnu17;
				GCC_NO_COMMON_BLOCKS = YES;
				GCC_WARN_64_TO_32_BIT_CONVERSION = YES;
				GCC_WARN_ABOUT_RETURN_TYPE = YES_ERROR;
				GCC_WARN_UNDECLARED_SELECTOR = YES;
				GCC_WARN_UNINITIALIZED_AUTOS = YES_AGGRESSIVE;
				GCC_WARN_UNUSED_FUNCTION = YES;
				GCC_WARN_UNUSED_VARIABLE = YES;
				IPHONEOS_DEPLOYMENT_TARGET = 17.4;
				LOCALIZATION_PREFERS_STRING_CATALOGS = YES;
				MTL_ENABLE_DEBUG_INFO = NO;
				MTL_FAST_MATH = YES;
				SDKROOT = iphoneos;
				SWIFT_COMPILATION_MODE = wholemodule;
				VALIDATE_PRODUCT = YES;
			};
			name = Release;
		};
		E81B40D92BB22CE2008AA102 /* Debug */ = {
			isa = XCBuildConfiguration;
			baseConfigurationReference = 08E2404C09C7AE4C507E96F0 /* Pods-TikTok.debug.xcconfig */;
			buildSettings = {
				ASSETCATALOG_COMPILER_APPICON_NAME = AppIcon;
				ASSETCATALOG_COMPILER_GLOBAL_ACCENT_COLOR_NAME = AccentColor;
				CODE_SIGN_STYLE = Automatic;
				CURRENT_PROJECT_VERSION = 1;
				DEVELOPMENT_TEAM = 7QK27U4LLA;
				GENERATE_INFOPLIST_FILE = YES;
				INFOPLIST_FILE = TikTok/Info.plist;
				INFOPLIST_KEY_UIApplicationSupportsIndirectInputEvents = YES;
				INFOPLIST_KEY_UILaunchStoryboardName = LaunchScreen;
				INFOPLIST_KEY_UIMainStoryboardFile = Main;
				INFOPLIST_KEY_UISupportedInterfaceOrientations_iPad = "UIInterfaceOrientationPortrait UIInterfaceOrientationPortraitUpsideDown UIInterfaceOrientationLandscapeLeft UIInterfaceOrientationLandscapeRight";
				INFOPLIST_KEY_UISupportedInterfaceOrientations_iPhone = "UIInterfaceOrientationPortrait UIInterfaceOrientationLandscapeLeft UIInterfaceOrientationLandscapeRight";
				LD_RUNPATH_SEARCH_PATHS = (
					"$(inherited)",
					"@executable_path/Frameworks",
				);
				MARKETING_VERSION = 1.0;
				PRODUCT_BUNDLE_IDENTIFIER = mb.TikTok;
				PRODUCT_NAME = "$(TARGET_NAME)";
				SWIFT_EMIT_LOC_STRINGS = YES;
				SWIFT_VERSION = 5.0;
				TARGETED_DEVICE_FAMILY = "1,2";
			};
			name = Debug;
		};
		E81B40DA2BB22CE2008AA102 /* Release */ = {
			isa = XCBuildConfiguration;
			baseConfigurationReference = 0DB8F7949853DF25272F5885 /* Pods-TikTok.release.xcconfig */;
			buildSettings = {
				ASSETCATALOG_COMPILER_APPICON_NAME = AppIcon;
				ASSETCATALOG_COMPILER_GLOBAL_ACCENT_COLOR_NAME = AccentColor;
				CODE_SIGN_STYLE = Automatic;
				CURRENT_PROJECT_VERSION = 1;
				DEVELOPMENT_TEAM = 7QK27U4LLA;
				GENERATE_INFOPLIST_FILE = YES;
				INFOPLIST_FILE = TikTok/Info.plist;
				INFOPLIST_KEY_UIApplicationSupportsIndirectInputEvents = YES;
				INFOPLIST_KEY_UILaunchStoryboardName = LaunchScreen;
				INFOPLIST_KEY_UIMainStoryboardFile = Main;
				INFOPLIST_KEY_UISupportedInterfaceOrientations_iPad = "UIInterfaceOrientationPortrait UIInterfaceOrientationPortraitUpsideDown UIInterfaceOrientationLandscapeLeft UIInterfaceOrientationLandscapeRight";
				INFOPLIST_KEY_UISupportedInterfaceOrientations_iPhone = "UIInterfaceOrientationPortrait UIInterfaceOrientationLandscapeLeft UIInterfaceOrientationLandscapeRight";
				LD_RUNPATH_SEARCH_PATHS = (
					"$(inherited)",
					"@executable_path/Frameworks",
				);
				MARKETING_VERSION = 1.0;
				PRODUCT_BUNDLE_IDENTIFIER = mb.TikTok;
				PRODUCT_NAME = "$(TARGET_NAME)";
				SWIFT_EMIT_LOC_STRINGS = YES;
				SWIFT_VERSION = 5.0;
				TARGETED_DEVICE_FAMILY = "1,2";
			};
			name = Release;
		};
		E81B40DC2BB22CE2008AA102 /* Debug */ = {
			isa = XCBuildConfiguration;
			baseConfigurationReference = 7CC0245953D78B3A846847A8 /* Pods-TikTokTests.debug.xcconfig */;
			buildSettings = {
				ALWAYS_EMBED_SWIFT_STANDARD_LIBRARIES = YES;
				BUNDLE_LOADER = "$(TEST_HOST)";
				CODE_SIGN_STYLE = Automatic;
				CURRENT_PROJECT_VERSION = 1;
				DEVELOPMENT_TEAM = 7QK27U4LLA;
				GENERATE_INFOPLIST_FILE = YES;
				IPHONEOS_DEPLOYMENT_TARGET = 17.4;
				MARKETING_VERSION = 1.0;
				PRODUCT_BUNDLE_IDENTIFIER = mb.TikTokTests;
				PRODUCT_NAME = "$(TARGET_NAME)";
				SWIFT_EMIT_LOC_STRINGS = NO;
				SWIFT_VERSION = 5.0;
				TARGETED_DEVICE_FAMILY = "1,2";
				TEST_HOST = "$(BUILT_PRODUCTS_DIR)/TikTok.app/$(BUNDLE_EXECUTABLE_FOLDER_PATH)/TikTok";
			};
			name = Debug;
		};
		E81B40DD2BB22CE2008AA102 /* Release */ = {
			isa = XCBuildConfiguration;
			baseConfigurationReference = FCF16A1D807DD41EF3DD9447 /* Pods-TikTokTests.release.xcconfig */;
			buildSettings = {
				ALWAYS_EMBED_SWIFT_STANDARD_LIBRARIES = YES;
				BUNDLE_LOADER = "$(TEST_HOST)";
				CODE_SIGN_STYLE = Automatic;
				CURRENT_PROJECT_VERSION = 1;
				DEVELOPMENT_TEAM = 7QK27U4LLA;
				GENERATE_INFOPLIST_FILE = YES;
				IPHONEOS_DEPLOYMENT_TARGET = 17.4;
				MARKETING_VERSION = 1.0;
				PRODUCT_BUNDLE_IDENTIFIER = mb.TikTokTests;
				PRODUCT_NAME = "$(TARGET_NAME)";
				SWIFT_EMIT_LOC_STRINGS = NO;
				SWIFT_VERSION = 5.0;
				TARGETED_DEVICE_FAMILY = "1,2";
				TEST_HOST = "$(BUILT_PRODUCTS_DIR)/TikTok.app/$(BUNDLE_EXECUTABLE_FOLDER_PATH)/TikTok";
			};
			name = Release;
		};
		E81B40DF2BB22CE2008AA102 /* Debug */ = {
			isa = XCBuildConfiguration;
			baseConfigurationReference = 36FAF61669E5A7CD076AA50B /* Pods-TikTok-TikTokUITests.debug.xcconfig */;
			buildSettings = {
				ALWAYS_EMBED_SWIFT_STANDARD_LIBRARIES = YES;
				CODE_SIGN_STYLE = Automatic;
				CURRENT_PROJECT_VERSION = 1;
				DEVELOPMENT_TEAM = 7QK27U4LLA;
				GENERATE_INFOPLIST_FILE = YES;
				MARKETING_VERSION = 1.0;
				PRODUCT_BUNDLE_IDENTIFIER = mb.TikTokUITests;
				PRODUCT_NAME = "$(TARGET_NAME)";
				SWIFT_EMIT_LOC_STRINGS = NO;
				SWIFT_VERSION = 5.0;
				TARGETED_DEVICE_FAMILY = "1,2";
				TEST_TARGET_NAME = TikTok;
			};
			name = Debug;
		};
		E81B40E02BB22CE2008AA102 /* Release */ = {
			isa = XCBuildConfiguration;
			baseConfigurationReference = ACD21EBFB8E6944699541A6F /* Pods-TikTok-TikTokUITests.release.xcconfig */;
			buildSettings = {
				ALWAYS_EMBED_SWIFT_STANDARD_LIBRARIES = YES;
				CODE_SIGN_STYLE = Automatic;
				CURRENT_PROJECT_VERSION = 1;
				DEVELOPMENT_TEAM = 7QK27U4LLA;
				GENERATE_INFOPLIST_FILE = YES;
				MARKETING_VERSION = 1.0;
				PRODUCT_BUNDLE_IDENTIFIER = mb.TikTokUITests;
				PRODUCT_NAME = "$(TARGET_NAME)";
				SWIFT_EMIT_LOC_STRINGS = NO;
				SWIFT_VERSION = 5.0;
				TARGETED_DEVICE_FAMILY = "1,2";
				TEST_TARGET_NAME = TikTok;
			};
			name = Release;
		};
/* End XCBuildConfiguration section */

/* Begin XCConfigurationList section */
		E81B40A92BB22CE1008AA102 /* Build configuration list for PBXProject "TikTok" */ = {
			isa = XCConfigurationList;
			buildConfigurations = (
				E81B40D62BB22CE2008AA102 /* Debug */,
				E81B40D72BB22CE2008AA102 /* Release */,
			);
			defaultConfigurationIsVisible = 0;
			defaultConfigurationName = Release;
		};
		E81B40D82BB22CE2008AA102 /* Build configuration list for PBXNativeTarget "TikTok" */ = {
			isa = XCConfigurationList;
			buildConfigurations = (
				E81B40D92BB22CE2008AA102 /* Debug */,
				E81B40DA2BB22CE2008AA102 /* Release */,
			);
			defaultConfigurationIsVisible = 0;
			defaultConfigurationName = Release;
		};
		E81B40DB2BB22CE2008AA102 /* Build configuration list for PBXNativeTarget "TikTokTests" */ = {
			isa = XCConfigurationList;
			buildConfigurations = (
				E81B40DC2BB22CE2008AA102 /* Debug */,
				E81B40DD2BB22CE2008AA102 /* Release */,
			);
			defaultConfigurationIsVisible = 0;
			defaultConfigurationName = Release;
		};
		E81B40DE2BB22CE2008AA102 /* Build configuration list for PBXNativeTarget "TikTokUITests" */ = {
			isa = XCConfigurationList;
			buildConfigurations = (
				E81B40DF2BB22CE2008AA102 /* Debug */,
				E81B40E02BB22CE2008AA102 /* Release */,
			);
			defaultConfigurationIsVisible = 0;
			defaultConfigurationName = Release;
		};
/* End XCConfigurationList section */
	};
	rootObject = E81B40A62BB22CE1008AA102 /* Project object */;
}
